lockfileVersion: '9.0'

settings:
  autoInstallPeers: true
  excludeLinksFromLockfile: false

importers:

  .:
    dependencies:
      csv-parse:
        specifier: ^5.6.0
        version: 5.6.0
      json-2-csv:
        specifier: ^5.5.7
        version: 5.5.7

packages:

  csv-parse@5.6.0:
    resolution: {integrity: sha512-l3nz3euub2QMg5ouu5U09Ew9Wf6/wQ8I++ch1loQ0ljmzhmfZYrH9fflS22i/PQEvsPvxCwxgz5q7UB8K1JO4Q==}

  deeks@3.1.0:
    resolution: {integrity: sha512-e7oWH1LzIdv/prMQ7pmlDlaVoL64glqzvNgkgQNgyec9ORPHrT2jaOqMtRyqJuwWjtfb6v+2rk9pmaHj+F137A==}
    engines: {node: '>= 16'}

  doc-path@4.1.1:
    resolution: {integrity: sha512-h1ErTglQAVv2gCnOpD3sFS6uolDbOKHDU1BZq+Kl3npPqroU3dYL42lUgMfd5UimlwtRgp7C9dLGwqQ5D2HYgQ==}
    engines: {node: '>=16'}

  json-2-csv@5.5.7:
    resolution: {integrity: sha512-aZ0EOadeNnO4ifF60oXXTH8P177WeHhFLbRLqILW1Kk1gNHlgAOuvddMwEIaxbLpCzx+vXo49whK6AILdg8qLg==}
    engines: {node: '>= 16'}

snapshots:

  csv-parse@5.6.0: {}

  deeks@3.1.0: {}

  doc-path@4.1.1: {}

  json-2-csv@5.5.7:
    dependencies:
      deeks: 3.1.0
      doc-path: 4.1.1
